// !$*UTF8*$!
{
	archiveVersion = 1;
	classes = {
	};
	objectVersion = 55;
	objects = {

/* Begin PBXBuildFile section */
		3F09F75B282548AD005C70F0 /* UIColor+Extension.swift in Sources */ = {isa = PBXBuildFile; fileRef = 3F09F75A282548AD005C70F0 /* UIColor+Extension.swift */; };
		3F1FC0F8282568C800A2FC23 /* CoinView.xib in Resources */ = {isa = PBXBuildFile; fileRef = 3F1FC0F7282568C800A2FC23 /* CoinView.xib */; };
		3F1FC0FA282568E300A2FC23 /* CoinView.swift in Sources */ = {isa = PBXBuildFile; fileRef = 3F1FC0F9282568E300A2FC23 /* CoinView.swift */; };
		3F1FC0FE2825763E00A2FC23 /* LandingViewController.swift in Sources */ = {isa = PBXBuildFile; fileRef = 3F1FC0FD2825763E00A2FC23 /* LandingViewController.swift */; };
		3F1FC10028257B5300A2FC23 /* NavigationController.swift in Sources */ = {isa = PBXBuildFile; fileRef = 3F1FC0FF28257B5300A2FC23 /* NavigationController.swift */; };
		3F55C03528261522005CE11B /* SmallLogoButton.swift in Sources */ = {isa = PBXBuildFile; fileRef = 3F55C03428261522005CE11B /* SmallLogoButton.swift */; };
		3F55C0372826152D005CE11B /* SmallLogoButton.xib in Resources */ = {isa = PBXBuildFile; fileRef = 3F55C0362826152D005CE11B /* SmallLogoButton.xib */; };
		3F9ED56F28294F7C0055D332 /* GainPointViewController.swift in Sources */ = {isa = PBXBuildFile; fileRef = 3F9ED56D28294F7C0055D332 /* GainPointViewController.swift */; };
		3F9ED57028294F7C0055D332 /* GainPointViewController.xib in Resources */ = {isa = PBXBuildFile; fileRef = 3F9ED56E28294F7C0055D332 /* GainPointViewController.xib */; };
		3F9ED57428295B5C0055D332 /* UIView+Controller+Extension.swift in Sources */ = {isa = PBXBuildFile; fileRef = 3F9ED57328295B5C0055D332 /* UIView+Controller+Extension.swift */; };
		3FD21F86282913B6005DB877 /* LevelProgressControl.swift in Sources */ = {isa = PBXBuildFile; fileRef = 3FD21F85282913B6005DB877 /* LevelProgressControl.swift */; };
		3FD21F88282913C2005DB877 /* LevelProgressControl.xib in Resources */ = {isa = PBXBuildFile; fileRef = 3FD21F87282913C2005DB877 /* LevelProgressControl.xib */; };
		3FEF221128224AAA000A800B /* LogoCollectionViewCell.xib in Resources */ = {isa = PBXBuildFile; fileRef = 3FEF220F28224AAA000A800B /* LogoCollectionViewCell.xib */; };
		3FEF221228224AAA000A800B /* LogoCollection.storyboard in Resources */ = {isa = PBXBuildFile; fileRef = 3FEF221028224AAA000A800B /* LogoCollection.storyboard */; };
		3FEF221528224AB9000A800B /* LogoCollectionViewCell.swift in Sources */ = {isa = PBXBuildFile; fileRef = 3FEF221328224AB9000A800B /* LogoCollectionViewCell.swift */; };
		3FEF221628224AB9000A800B /* LogoCollectionViewController.swift in Sources */ = {isa = PBXBuildFile; fileRef = 3FEF221428224AB9000A800B /* LogoCollectionViewController.swift */; };
		8319C1DF282025F5000AA91B /* AppDelegate.swift in Sources */ = {isa = PBXBuildFile; fileRef = 8319C1DE282025F5000AA91B /* AppDelegate.swift */; };
		8319C1E1282025F5000AA91B /* SceneDelegate.swift in Sources */ = {isa = PBXBuildFile; fileRef = 8319C1E0282025F5000AA91B /* SceneDelegate.swift */; };
		8319C1E6282025F5000AA91B /* Main.storyboard in Resources */ = {isa = PBXBuildFile; fileRef = 8319C1E4282025F5000AA91B /* Main.storyboard */; };
		8319C1E9282025F5000AA91B /* Logo_Quiz_App.xcdatamodeld in Sources */ = {isa = PBXBuildFile; fileRef = 8319C1E7282025F5000AA91B /* Logo_Quiz_App.xcdatamodeld */; };
		8319C1EB282025F6000AA91B /* Assets.xcassets in Resources */ = {isa = PBXBuildFile; fileRef = 8319C1EA282025F6000AA91B /* Assets.xcassets */; };
		8319C1EE282025F6000AA91B /* LaunchScreen.storyboard in Resources */ = {isa = PBXBuildFile; fileRef = 8319C1EC282025F6000AA91B /* LaunchScreen.storyboard */; };
		83EFEBF728240F48009B8A2A /* QuizView.storyboard in Resources */ = {isa = PBXBuildFile; fileRef = 83EFEBF628240F48009B8A2A /* QuizView.storyboard */; };
		83EFEBF928240FB0009B8A2A /* QuizViewController.swift in Sources */ = {isa = PBXBuildFile; fileRef = 83EFEBF828240FB0009B8A2A /* QuizViewController.swift */; };
		83EFEBFB28240FCD009B8A2A /* Extensions.swift in Sources */ = {isa = PBXBuildFile; fileRef = 83EFEBFA28240FCD009B8A2A /* Extensions.swift */; };
		A141AD67282416AA00DD2270 /* Logo.swift in Sources */ = {isa = PBXBuildFile; fileRef = A141AD66282416AA00DD2270 /* Logo.swift */; };
		A141AD712824199200DD2270 /* UserCoreDataStore.swift in Sources */ = {isa = PBXBuildFile; fileRef = A141AD702824199200DD2270 /* UserCoreDataStore.swift */; };
		B5338EB728226D2600DF53A1 /* LevelModel.swift in Sources */ = {isa = PBXBuildFile; fileRef = B5338EB628226D2600DF53A1 /* LevelModel.swift */; };
		B5338EB9282272C700DF53A1 /* SelectLevel.storyboard in Resources */ = {isa = PBXBuildFile; fileRef = B5338EB8282272C700DF53A1 /* SelectLevel.storyboard */; };
		B54B6B192828375400068552 /* SelectLevelViewController.swift in Sources */ = {isa = PBXBuildFile; fileRef = B54B6B182828375400068552 /* SelectLevelViewController.swift */; };
/* End PBXBuildFile section */

/* Begin PBXFileReference section */
		3F09F75A282548AD005C70F0 /* UIColor+Extension.swift */ = {isa = PBXFileReference; lastKnownFileType = sourcecode.swift; path = "UIColor+Extension.swift"; sourceTree = "<group>"; };
		3F1FC0F7282568C800A2FC23 /* CoinView.xib */ = {isa = PBXFileReference; lastKnownFileType = file.xib; path = CoinView.xib; sourceTree = "<group>"; };
		3F1FC0F9282568E300A2FC23 /* CoinView.swift */ = {isa = PBXFileReference; lastKnownFileType = sourcecode.swift; path = CoinView.swift; sourceTree = "<group>"; };
		3F1FC0FD2825763E00A2FC23 /* LandingViewController.swift */ = {isa = PBXFileReference; lastKnownFileType = sourcecode.swift; path = LandingViewController.swift; sourceTree = "<group>"; };
		3F1FC0FF28257B5300A2FC23 /* NavigationController.swift */ = {isa = PBXFileReference; lastKnownFileType = sourcecode.swift; path = NavigationController.swift; sourceTree = "<group>"; };
		3F55C03428261522005CE11B /* SmallLogoButton.swift */ = {isa = PBXFileReference; lastKnownFileType = sourcecode.swift; path = SmallLogoButton.swift; sourceTree = "<group>"; };
		3F55C0362826152D005CE11B /* SmallLogoButton.xib */ = {isa = PBXFileReference; lastKnownFileType = file.xib; path = SmallLogoButton.xib; sourceTree = "<group>"; };
		3F9ED56D28294F7C0055D332 /* GainPointViewController.swift */ = {isa = PBXFileReference; lastKnownFileType = sourcecode.swift; path = GainPointViewController.swift; sourceTree = "<group>"; };
		3F9ED56E28294F7C0055D332 /* GainPointViewController.xib */ = {isa = PBXFileReference; lastKnownFileType = file.xib; path = GainPointViewController.xib; sourceTree = "<group>"; };
		3F9ED57328295B5C0055D332 /* UIView+Controller+Extension.swift */ = {isa = PBXFileReference; lastKnownFileType = sourcecode.swift; path = "UIView+Controller+Extension.swift"; sourceTree = "<group>"; };
		3FD21F85282913B6005DB877 /* LevelProgressControl.swift */ = {isa = PBXFileReference; lastKnownFileType = sourcecode.swift; path = LevelProgressControl.swift; sourceTree = "<group>"; };
		3FD21F87282913C2005DB877 /* LevelProgressControl.xib */ = {isa = PBXFileReference; lastKnownFileType = file.xib; path = LevelProgressControl.xib; sourceTree = "<group>"; };
		3FEF220F28224AAA000A800B /* LogoCollectionViewCell.xib */ = {isa = PBXFileReference; fileEncoding = 4; lastKnownFileType = file.xib; path = LogoCollectionViewCell.xib; sourceTree = "<group>"; };
		3FEF221028224AAA000A800B /* LogoCollection.storyboard */ = {isa = PBXFileReference; fileEncoding = 4; lastKnownFileType = file.storyboard; path = LogoCollection.storyboard; sourceTree = "<group>"; };
		3FEF221328224AB9000A800B /* LogoCollectionViewCell.swift */ = {isa = PBXFileReference; fileEncoding = 4; lastKnownFileType = sourcecode.swift; path = LogoCollectionViewCell.swift; sourceTree = "<group>"; };
		3FEF221428224AB9000A800B /* LogoCollectionViewController.swift */ = {isa = PBXFileReference; fileEncoding = 4; lastKnownFileType = sourcecode.swift; path = LogoCollectionViewController.swift; sourceTree = "<group>"; };
		8319C1DB282025F5000AA91B /* Logo Quiz App.app */ = {isa = PBXFileReference; explicitFileType = wrapper.application; includeInIndex = 0; path = "Logo Quiz App.app"; sourceTree = BUILT_PRODUCTS_DIR; };
		8319C1DE282025F5000AA91B /* AppDelegate.swift */ = {isa = PBXFileReference; lastKnownFileType = sourcecode.swift; path = AppDelegate.swift; sourceTree = "<group>"; };
		8319C1E0282025F5000AA91B /* SceneDelegate.swift */ = {isa = PBXFileReference; lastKnownFileType = sourcecode.swift; path = SceneDelegate.swift; sourceTree = "<group>"; };
		8319C1E5282025F5000AA91B /* Base */ = {isa = PBXFileReference; lastKnownFileType = file.storyboard; name = Base; path = Base.lproj/Main.storyboard; sourceTree = "<group>"; };
		8319C1E8282025F5000AA91B /* Logo_Quiz_App.xcdatamodel */ = {isa = PBXFileReference; lastKnownFileType = wrapper.xcdatamodel; path = Logo_Quiz_App.xcdatamodel; sourceTree = "<group>"; };
		8319C1EA282025F6000AA91B /* Assets.xcassets */ = {isa = PBXFileReference; lastKnownFileType = folder.assetcatalog; path = Assets.xcassets; sourceTree = "<group>"; };
		8319C1ED282025F6000AA91B /* Base */ = {isa = PBXFileReference; lastKnownFileType = file.storyboard; name = Base; path = Base.lproj/LaunchScreen.storyboard; sourceTree = "<group>"; };
		8319C1EF282025F6000AA91B /* Info.plist */ = {isa = PBXFileReference; lastKnownFileType = text.plist.xml; path = Info.plist; sourceTree = "<group>"; };
		83EFEBF628240F48009B8A2A /* QuizView.storyboard */ = {isa = PBXFileReference; lastKnownFileType = file.storyboard; path = QuizView.storyboard; sourceTree = "<group>"; };
		83EFEBF828240FB0009B8A2A /* QuizViewController.swift */ = {isa = PBXFileReference; lastKnownFileType = sourcecode.swift; path = QuizViewController.swift; sourceTree = "<group>"; };
		83EFEBFA28240FCD009B8A2A /* Extensions.swift */ = {isa = PBXFileReference; lastKnownFileType = sourcecode.swift; path = Extensions.swift; sourceTree = "<group>"; };
		A141AD66282416AA00DD2270 /* Logo.swift */ = {isa = PBXFileReference; lastKnownFileType = sourcecode.swift; path = Logo.swift; sourceTree = "<group>"; };
		A141AD702824199200DD2270 /* UserCoreDataStore.swift */ = {isa = PBXFileReference; lastKnownFileType = sourcecode.swift; path = UserCoreDataStore.swift; sourceTree = "<group>"; };
		B5338EB628226D2600DF53A1 /* LevelModel.swift */ = {isa = PBXFileReference; lastKnownFileType = sourcecode.swift; path = LevelModel.swift; sourceTree = "<group>"; };
		B5338EB8282272C700DF53A1 /* SelectLevel.storyboard */ = {isa = PBXFileReference; lastKnownFileType = file.storyboard; path = SelectLevel.storyboard; sourceTree = "<group>"; };
		B54B6B182828375400068552 /* SelectLevelViewController.swift */ = {isa = PBXFileReference; lastKnownFileType = sourcecode.swift; path = SelectLevelViewController.swift; sourceTree = "<group>"; };
/* End PBXFileReference section */

/* Begin PBXFrameworksBuildPhase section */
		8319C1D8282025F5000AA91B /* Frameworks */ = {
			isa = PBXFrameworksBuildPhase;
			buildActionMask = 2147483647;
			files = (
			);
			runOnlyForDeploymentPostprocessing = 0;
		};
/* End PBXFrameworksBuildPhase section */

/* Begin PBXGroup section */
		8319C1D2282025F5000AA91B = {
			isa = PBXGroup;
			children = (
				8319C1DD282025F5000AA91B /* Logo Quiz App */,
				8319C1DC282025F5000AA91B /* Products */,
			);
			sourceTree = "<group>";
		};
		8319C1DC282025F5000AA91B /* Products */ = {
			isa = PBXGroup;
			children = (
				8319C1DB282025F5000AA91B /* Logo Quiz App.app */,
			);
			name = Products;
			sourceTree = "<group>";
		};
		8319C1DD282025F5000AA91B /* Logo Quiz App */ = {
			isa = PBXGroup;
			children = (
				8319C1DE282025F5000AA91B /* AppDelegate.swift */,
				8319C1E0282025F5000AA91B /* SceneDelegate.swift */,
				3F9ED57328295B5C0055D332 /* UIView+Controller+Extension.swift */,
				3F09F75A282548AD005C70F0 /* UIColor+Extension.swift */,
				8319C1F7282026FB000AA91B /* Model */,
				8319C1F6282026EE000AA91B /* Controller */,
				8319C1F5282026E0000AA91B /* View */,
				8319C1EA282025F6000AA91B /* Assets.xcassets */,
				8319C1EF282025F6000AA91B /* Info.plist */,
			);
			path = "Logo Quiz App";
			sourceTree = "<group>";
		};
		8319C1F5282026E0000AA91B /* View */ = {
			isa = PBXGroup;
			children = (
				3F55C03428261522005CE11B /* SmallLogoButton.swift */,
				3F55C0362826152D005CE11B /* SmallLogoButton.xib */,
				3F1FC0F9282568E300A2FC23 /* CoinView.swift */,
				3F1FC0F7282568C800A2FC23 /* CoinView.xib */,
				3FEF221028224AAA000A800B /* LogoCollection.storyboard */,
				3FEF221328224AB9000A800B /* LogoCollectionViewCell.swift */,
				3FEF220F28224AAA000A800B /* LogoCollectionViewCell.xib */,
				8319C1E4282025F5000AA91B /* Main.storyboard */,
				8319C1EC282025F6000AA91B /* LaunchScreen.storyboard */,
				B5338EB8282272C700DF53A1 /* SelectLevel.storyboard */,
				83EFEBF628240F48009B8A2A /* QuizView.storyboard */,
				3FD21F85282913B6005DB877 /* LevelProgressControl.swift */,
				3FD21F87282913C2005DB877 /* LevelProgressControl.xib */,
				3F9ED56D28294F7C0055D332 /* GainPointViewController.swift */,
				3F9ED56E28294F7C0055D332 /* GainPointViewController.xib */,
			);
			path = View;
			sourceTree = "<group>";
		};
		8319C1F6282026EE000AA91B /* Controller */ = {
			isa = PBXGroup;
			children = (
				3F1FC0FD2825763E00A2FC23 /* LandingViewController.swift */,
				3FEF221428224AB9000A800B /* LogoCollectionViewController.swift */,
				B54B6B182828375400068552 /* SelectLevelViewController.swift */,
				83EFEBF828240FB0009B8A2A /* QuizViewController.swift */,
				3F1FC0FF28257B5300A2FC23 /* NavigationController.swift */,
			);
			path = Controller;
			sourceTree = "<group>";
		};
		8319C1F7282026FB000AA91B /* Model */ = {
			isa = PBXGroup;
			children = (
				8319C1E7282025F5000AA91B /* Logo_Quiz_App.xcdatamodeld */,
				B5338EB628226D2600DF53A1 /* LevelModel.swift */,
				83EFEBFA28240FCD009B8A2A /* Extensions.swift */,
				A141AD66282416AA00DD2270 /* Logo.swift */,
				A141AD702824199200DD2270 /* UserCoreDataStore.swift */,
			);
			path = Model;
			sourceTree = "<group>";
		};
/* End PBXGroup section */

/* Begin PBXNativeTarget section */
		8319C1DA282025F5000AA91B /* Logo Quiz App */ = {
			isa = PBXNativeTarget;
			buildConfigurationList = 8319C1F2282025F6000AA91B /* Build configuration list for PBXNativeTarget "Logo Quiz App" */;
			buildPhases = (
				8319C1D7282025F5000AA91B /* Sources */,
				8319C1D8282025F5000AA91B /* Frameworks */,
				8319C1D9282025F5000AA91B /* Resources */,
			);
			buildRules = (
			);
			dependencies = (
			);
			name = "Logo Quiz App";
			productName = "Logo Quiz App";
			productReference = 8319C1DB282025F5000AA91B /* Logo Quiz App.app */;
			productType = "com.apple.product-type.application";
		};
/* End PBXNativeTarget section */

/* Begin PBXProject section */
		8319C1D3282025F5000AA91B /* Project object */ = {
			isa = PBXProject;
			attributes = {
				BuildIndependentTargetsInParallel = 1;
				LastSwiftUpdateCheck = 1330;
				LastUpgradeCheck = 1330;
				TargetAttributes = {
					8319C1DA282025F5000AA91B = {
						CreatedOnToolsVersion = 13.3.1;
					};
				};
			};
			buildConfigurationList = 8319C1D6282025F5000AA91B /* Build configuration list for PBXProject "Logo Quiz App" */;
			compatibilityVersion = "Xcode 13.0";
			developmentRegion = en;
			hasScannedForEncodings = 0;
			knownRegions = (
				en,
				Base,
			);
			mainGroup = 8319C1D2282025F5000AA91B;
			productRefGroup = 8319C1DC282025F5000AA91B /* Products */;
			projectDirPath = "";
			projectRoot = "";
			targets = (
				8319C1DA282025F5000AA91B /* Logo Quiz App */,
			);
		};
/* End PBXProject section */

/* Begin PBXResourcesBuildPhase section */
		8319C1D9282025F5000AA91B /* Resources */ = {
			isa = PBXResourcesBuildPhase;
			buildActionMask = 2147483647;
			files = (
				8319C1EE282025F6000AA91B /* LaunchScreen.storyboard in Resources */,
				3FEF221228224AAA000A800B /* LogoCollection.storyboard in Resources */,
				8319C1EB282025F6000AA91B /* Assets.xcassets in Resources */,
				8319C1E6282025F5000AA91B /* Main.storyboard in Resources */,
				3F9ED57028294F7C0055D332 /* GainPointViewController.xib in Resources */,
				3FEF221128224AAA000A800B /* LogoCollectionViewCell.xib in Resources */,
				3F55C0372826152D005CE11B /* SmallLogoButton.xib in Resources */,
				3FD21F88282913C2005DB877 /* LevelProgressControl.xib in Resources */,
				3F1FC0F8282568C800A2FC23 /* CoinView.xib in Resources */,
				83EFEBF728240F48009B8A2A /* QuizView.storyboard in Resources */,
				B5338EB9282272C700DF53A1 /* SelectLevel.storyboard in Resources */,
			);
			runOnlyForDeploymentPostprocessing = 0;
		};
/* End PBXResourcesBuildPhase section */

/* Begin PBXSourcesBuildPhase section */
		8319C1D7282025F5000AA91B /* Sources */ = {
			isa = PBXSourcesBuildPhase;
			buildActionMask = 2147483647;
			files = (
				83EFEBF928240FB0009B8A2A /* QuizViewController.swift in Sources */,
				3F9ED57428295B5C0055D332 /* UIView+Controller+Extension.swift in Sources */,
				3F1FC0FE2825763E00A2FC23 /* LandingViewController.swift in Sources */,
				B54B6B192828375400068552 /* SelectLevelViewController.swift in Sources */,
				3FEF221628224AB9000A800B /* LogoCollectionViewController.swift in Sources */,
				3F9ED56F28294F7C0055D332 /* GainPointViewController.swift in Sources */,
				3FEF221528224AB9000A800B /* LogoCollectionViewCell.swift in Sources */,
				A141AD712824199200DD2270 /* UserCoreDataStore.swift in Sources */,
				3F55C03528261522005CE11B /* SmallLogoButton.swift in Sources */,
				3F09F75B282548AD005C70F0 /* UIColor+Extension.swift in Sources */,
				8319C1DF282025F5000AA91B /* AppDelegate.swift in Sources */,
				3F1FC10028257B5300A2FC23 /* NavigationController.swift in Sources */,
				B5338EB728226D2600DF53A1 /* LevelModel.swift in Sources */,
				8319C1E1282025F5000AA91B /* SceneDelegate.swift in Sources */,
				83EFEBFB28240FCD009B8A2A /* Extensions.swift in Sources */,
				3F1FC0FA282568E300A2FC23 /* CoinView.swift in Sources */,
				A141AD67282416AA00DD2270 /* Logo.swift in Sources */,
				8319C1E9282025F5000AA91B /* Logo_Quiz_App.xcdatamodeld in Sources */,
				3FD21F86282913B6005DB877 /* LevelProgressControl.swift in Sources */,
			);
			runOnlyForDeploymentPostprocessing = 0;
		};
/* End PBXSourcesBuildPhase section */

/* Begin PBXVariantGroup section */
		8319C1E4282025F5000AA91B /* Main.storyboard */ = {
			isa = PBXVariantGroup;
			children = (
				8319C1E5282025F5000AA91B /* Base */,
			);
			name = Main.storyboard;
			sourceTree = "<group>";
		};
		8319C1EC282025F6000AA91B /* LaunchScreen.storyboard */ = {
			isa = PBXVariantGroup;
			children = (
				8319C1ED282025F6000AA91B /* Base */,
			);
			name = LaunchScreen.storyboard;
			sourceTree = "<group>";
		};
/* End PBXVariantGroup section */

/* Begin XCBuildConfiguration section */
		8319C1F0282025F6000AA91B /* Debug */ = {
			isa = XCBuildConfiguration;
			buildSettings = {
				ALWAYS_SEARCH_USER_PATHS = NO;
				CLANG_ANALYZER_NONNULL = YES;
				CLANG_ANALYZER_NUMBER_OBJECT_CONVERSION = YES_AGGRESSIVE;
				CLANG_CXX_LANGUAGE_STANDARD = "gnu++17";
				CLANG_ENABLE_MODULES = YES;
				CLANG_ENABLE_OBJC_ARC = YES;
				CLANG_ENABLE_OBJC_WEAK = YES;
				CLANG_WARN_BLOCK_CAPTURE_AUTORELEASING = YES;
				CLANG_WARN_BOOL_CONVERSION = YES;
				CLANG_WARN_COMMA = YES;
				CLANG_WARN_CONSTANT_CONVERSION = YES;
				CLANG_WARN_DEPRECATED_OBJC_IMPLEMENTATIONS = YES;
				CLANG_WARN_DIRECT_OBJC_ISA_USAGE = YES_ERROR;
				CLANG_WARN_DOCUMENTATION_COMMENTS = YES;
				CLANG_WARN_EMPTY_BODY = YES;
				CLANG_WARN_ENUM_CONVERSION = YES;
				CLANG_WARN_INFINITE_RECURSION = YES;
				CLANG_WARN_INT_CONVERSION = YES;
				CLANG_WARN_NON_LITERAL_NULL_CONVERSION = YES;
				CLANG_WARN_OBJC_IMPLICIT_RETAIN_SELF = YES;
				CLANG_WARN_OBJC_LITERAL_CONVERSION = YES;
				CLANG_WARN_OBJC_ROOT_CLASS = YES_ERROR;
				CLANG_WARN_QUOTED_INCLUDE_IN_FRAMEWORK_HEADER = YES;
				CLANG_WARN_RANGE_LOOP_ANALYSIS = YES;
				CLANG_WARN_STRICT_PROTOTYPES = YES;
				CLANG_WARN_SUSPICIOUS_MOVE = YES;
				CLANG_WARN_UNGUARDED_AVAILABILITY = YES_AGGRESSIVE;
				CLANG_WARN_UNREACHABLE_CODE = YES;
				CLANG_WARN__DUPLICATE_METHOD_MATCH = YES;
				COPY_PHASE_STRIP = NO;
				DEBUG_INFORMATION_FORMAT = dwarf;
				ENABLE_STRICT_OBJC_MSGSEND = YES;
				ENABLE_TESTABILITY = YES;
				GCC_C_LANGUAGE_STANDARD = gnu11;
				GCC_DYNAMIC_NO_PIC = NO;
				GCC_NO_COMMON_BLOCKS = YES;
				GCC_OPTIMIZATION_LEVEL = 0;
				GCC_PREPROCESSOR_DEFINITIONS = (
					"DEBUG=1",
					"$(inherited)",
				);
				GCC_WARN_64_TO_32_BIT_CONVERSION = YES;
				GCC_WARN_ABOUT_RETURN_TYPE = YES_ERROR;
				GCC_WARN_UNDECLARED_SELECTOR = YES;
				GCC_WARN_UNINITIALIZED_AUTOS = YES_AGGRESSIVE;
				GCC_WARN_UNUSED_FUNCTION = YES;
				GCC_WARN_UNUSED_VARIABLE = YES;
				IPHONEOS_DEPLOYMENT_TARGET = 15.4;
				MTL_ENABLE_DEBUG_INFO = INCLUDE_SOURCE;
				MTL_FAST_MATH = YES;
				ONLY_ACTIVE_ARCH = YES;
				SDKROOT = iphoneos;
				SWIFT_ACTIVE_COMPILATION_CONDITIONS = DEBUG;
				SWIFT_OPTIMIZATION_LEVEL = "-Onone";
			};
			name = Debug;
		};
		8319C1F1282025F6000AA91B /* Release */ = {
			isa = XCBuildConfiguration;
			buildSettings = {
				ALWAYS_SEARCH_USER_PATHS = NO;
				CLANG_ANALYZER_NONNULL = YES;
				CLANG_ANALYZER_NUMBER_OBJECT_CONVERSION = YES_AGGRESSIVE;
				CLANG_CXX_LANGUAGE_STANDARD = "gnu++17";
				CLANG_ENABLE_MODULES = YES;
				CLANG_ENABLE_OBJC_ARC = YES;
				CLANG_ENABLE_OBJC_WEAK = YES;
				CLANG_WARN_BLOCK_CAPTURE_AUTORELEASING = YES;
				CLANG_WARN_BOOL_CONVERSION = YES;
				CLANG_WARN_COMMA = YES;
				CLANG_WARN_CONSTANT_CONVERSION = YES;
				CLANG_WARN_DEPRECATED_OBJC_IMPLEMENTATIONS = YES;
				CLANG_WARN_DIRECT_OBJC_ISA_USAGE = YES_ERROR;
				CLANG_WARN_DOCUMENTATION_COMMENTS = YES;
				CLANG_WARN_EMPTY_BODY = YES;
				CLANG_WARN_ENUM_CONVERSION = YES;
				CLANG_WARN_INFINITE_RECURSION = YES;
				CLANG_WARN_INT_CONVERSION = YES;
				CLANG_WARN_NON_LITERAL_NULL_CONVERSION = YES;
				CLANG_WARN_OBJC_IMPLICIT_RETAIN_SELF = YES;
				CLANG_WARN_OBJC_LITERAL_CONVERSION = YES;
				CLANG_WARN_OBJC_ROOT_CLASS = YES_ERROR;
				CLANG_WARN_QUOTED_INCLUDE_IN_FRAMEWORK_HEADER = YES;
				CLANG_WARN_RANGE_LOOP_ANALYSIS = YES;
				CLANG_WARN_STRICT_PROTOTYPES = YES;
				CLANG_WARN_SUSPICIOUS_MOVE = YES;
				CLANG_WARN_UNGUARDED_AVAILABILITY = YES_AGGRESSIVE;
				CLANG_WARN_UNREACHABLE_CODE = YES;
				CLANG_WARN__DUPLICATE_METHOD_MATCH = YES;
				COPY_PHASE_STRIP = NO;
				DEBUG_INFORMATION_FORMAT = "dwarf-with-dsym";
				ENABLE_NS_ASSERTIONS = NO;
				ENABLE_STRICT_OBJC_MSGSEND = YES;
				GCC_C_LANGUAGE_STANDARD = gnu11;
				GCC_NO_COMMON_BLOCKS = YES;
				GCC_WARN_64_TO_32_BIT_CONVERSION = YES;
				GCC_WARN_ABOUT_RETURN_TYPE = YES_ERROR;
				GCC_WARN_UNDECLARED_SELECTOR = YES;
				GCC_WARN_UNINITIALIZED_AUTOS = YES_AGGRESSIVE;
				GCC_WARN_UNUSED_FUNCTION = YES;
				GCC_WARN_UNUSED_VARIABLE = YES;
				IPHONEOS_DEPLOYMENT_TARGET = 15.4;
				MTL_ENABLE_DEBUG_INFO = NO;
				MTL_FAST_MATH = YES;
				SDKROOT = iphoneos;
				SWIFT_COMPILATION_MODE = wholemodule;
				SWIFT_OPTIMIZATION_LEVEL = "-O";
				VALIDATE_PRODUCT = YES;
			};
			name = Release;
		};
		8319C1F3282025F6000AA91B /* Debug */ = {
			isa = XCBuildConfiguration;
			buildSettings = {
				ASSETCATALOG_COMPILER_APPICON_NAME = AppIcon;
				ASSETCATALOG_COMPILER_GLOBAL_ACCENT_COLOR_NAME = AccentColor;
				CODE_SIGN_IDENTITY = "Apple Development";
				CODE_SIGN_STYLE = Automatic;
				CURRENT_PROJECT_VERSION = 1;
				DEVELOPMENT_TEAM = 5DUFZTPDQV;
				GENERATE_INFOPLIST_FILE = YES;
				INFOPLIST_FILE = "Logo Quiz App/Info.plist";
				INFOPLIST_KEY_UIApplicationSupportsIndirectInputEvents = YES;
				INFOPLIST_KEY_UILaunchStoryboardName = LaunchScreen;
				INFOPLIST_KEY_UIMainStoryboardFile = Main;
				INFOPLIST_KEY_UISupportedInterfaceOrientations_iPad = "UIInterfaceOrientationPortrait UIInterfaceOrientationPortraitUpsideDown UIInterfaceOrientationLandscapeLeft UIInterfaceOrientationLandscapeRight";
				INFOPLIST_KEY_UISupportedInterfaceOrientations_iPhone = "UIInterfaceOrientationPortrait UIInterfaceOrientationLandscapeLeft UIInterfaceOrientationLandscapeRight";
				LD_RUNPATH_SEARCH_PATHS = (
					"$(inherited)",
					"@executable_path/Frameworks",
				);
				MARKETING_VERSION = 1.0;
				PRODUCT_BUNDLE_IDENTIFIER = "com.renzoalvaroshan.Logo-Quiz-App";
				PRODUCT_NAME = "$(TARGET_NAME)";
				PROVISIONING_PROFILE_SPECIFIER = "";
				SWIFT_EMIT_LOC_STRINGS = YES;
				SWIFT_VERSION = 5.0;
				TARGETED_DEVICE_FAMILY = "1,2";
			};
			name = Debug;
		};
		8319C1F4282025F6000AA91B /* Release */ = {
			isa = XCBuildConfiguration;
			buildSettings = {
				ASSETCATALOG_COMPILER_APPICON_NAME = AppIcon;
				ASSETCATALOG_COMPILER_GLOBAL_ACCENT_COLOR_NAME = AccentColor;
				CODE_SIGN_IDENTITY = "Apple Development";
				CODE_SIGN_STYLE = Automatic;
				CURRENT_PROJECT_VERSION = 1;
				DEVELOPMENT_TEAM = 5DUFZTPDQV;
				GENERATE_INFOPLIST_FILE = YES;
				INFOPLIST_FILE = "Logo Quiz App/Info.plist";
				INFOPLIST_KEY_UIApplicationSupportsIndirectInputEvents = YES;
				INFOPLIST_KEY_UILaunchStoryboardName = LaunchScreen;
				INFOPLIST_KEY_UIMainStoryboardFile = Main;
				INFOPLIST_KEY_UISupportedInterfaceOrientations_iPad = "UIInterfaceOrientationPortrait UIInterfaceOrientationPortraitUpsideDown UIInterfaceOrientationLandscapeLeft UIInterfaceOrientationLandscapeRight";
				INFOPLIST_KEY_UISupportedInterfaceOrientations_iPhone = "UIInterfaceOrientationPortrait UIInterfaceOrientationLandscapeLeft UIInterfaceOrientationLandscapeRight";
				LD_RUNPATH_SEARCH_PATHS = (
					"$(inherited)",
					"@executable_path/Frameworks",
				);
				MARKETING_VERSION = 1.0;
				PRODUCT_BUNDLE_IDENTIFIER = "com.renzoalvaroshan.Logo-Quiz-App";
				PRODUCT_NAME = "$(TARGET_NAME)";
				PROVISIONING_PROFILE_SPECIFIER = "";
				SWIFT_EMIT_LOC_STRINGS = YES;
				SWIFT_VERSION = 5.0;
				TARGETED_DEVICE_FAMILY = "1,2";
			};
			name = Release;
		};
/* End XCBuildConfiguration section */

/* Begin XCConfigurationList section */
		8319C1D6282025F5000AA91B /* Build configuration list for PBXProject "Logo Quiz App" */ = {
			isa = XCConfigurationList;
			buildConfigurations = (
				8319C1F0282025F6000AA91B /* Debug */,
				8319C1F1282025F6000AA91B /* Release */,
			);
			defaultConfigurationIsVisible = 0;
			defaultConfigurationName = Release;
		};
		8319C1F2282025F6000AA91B /* Build configuration list for PBXNativeTarget "Logo Quiz App" */ = {
			isa = XCConfigurationList;
			buildConfigurations = (
				8319C1F3282025F6000AA91B /* Debug */,
				8319C1F4282025F6000AA91B /* Release */,
			);
			defaultConfigurationIsVisible = 0;
			defaultConfigurationName = Release;
		};
/* End XCConfigurationList section */

/* Begin XCVersionGroup section */
		8319C1E7282025F5000AA91B /* Logo_Quiz_App.xcdatamodeld */ = {
			isa = XCVersionGroup;
			children = (
				8319C1E8282025F5000AA91B /* Logo_Quiz_App.xcdatamodel */,
			);
			currentVersion = 8319C1E8282025F5000AA91B /* Logo_Quiz_App.xcdatamodel */;
			path = Logo_Quiz_App.xcdatamodeld;
			sourceTree = "<group>";
			versionGroupType = wrapper.xcdatamodel;
		};
/* End XCVersionGroup section */
	};
	rootObject = 8319C1D3282025F5000AA91B /* Project object */;
}
